
Microsoft Visual Studio Solution File, Format Version 12.00
# Visual Studio 2013
VisualStudioVersion = 12.0.21005.1
MinimumVisualStudioVersion = 10.0.40219.1
Project("{FAE04EC0-301F-11D3-BF4B-00C04F79EFBC}") = "OrdersSystem.Desktop", "Desktop\OrdersSystem.Desktop.csproj", "{C5CAF013-D645-4365-B688-B74C0DE9AF4C}"
EndProject
Project("{FAE04EC0-301F-11D3-BF4B-00C04F79EFBC}") = "OrdersSystem.Data", "Data\OrdersSystem.Data.csproj", "{7A8E30D7-5B8B-43E4-98CA-FDD9CA51FAFA}"
EndProject
Global
	GlobalSection(SolutionConfigurationPlatforms) = preSolution
		Debug|Any CPU = Debug|Any CPU
		Release|Any CPU = Release|Any CPU
	EndGlobalSection
	GlobalSection(ProjectConfigurationPlatforms) = postSolution
		{C5CAF013-D645-4365-B688-B74C0DE9AF4C}.Debug|Any CPU.ActiveCfg = Debug|Any CPU
		{C5CAF013-D645-4365-B688-B74C0DE9AF4C}.Debug|Any CPU.Build.0 = Debug|Any CPU
		{C5CAF013-D645-4365-B688-B74C0DE9AF4C}.Release|Any CPU.ActiveCfg = Release|Any CPU
		{C5CAF013-D645-4365-B688-B74C0DE9AF4C}.Release|Any CPU.Build.0 = Release|Any CPU
		{7A8E30D7-5B8B-43E4-98CA-FDD9CA51FAFA}.Debug|Any CPU.ActiveCfg = Debug|Any CPU
		{7A8E30D7-5B8B-43E4-98CA-FDD9CA51FAFA}.Debug|Any CPU.Build.0 = Debug|Any CPU
		{7A8E30D7-5B8B-43E4-98CA-FDD9CA51FAFA}.Release|Any CPU.ActiveCfg = Release|Any CPU
		{7A8E30D7-5B8B-43E4-98CA-FDD9CA51FAFA}.Release|Any CPU.Build.0 = Release|Any CPU
	EndGlobalSection
	GlobalSection(SolutionProperties) = preSolution
		HideSolutionNode = FALSE
	EndGlobalSection
EndGlobal
